
Microsoft Visual Studio Solution File, Format Version 12.00
# Visual Studio 15
VisualStudioVersion = 15.0.26124.0
MinimumVisualStudioVersion = 15.0.26124.0
Project("{2150E333-8FDC-42A3-9474-1A3956D46DE8}") = "src", "src", "{21441EF0-F2C2-4BD0-A138-4032BE706CB9}"
EndProject
Project("{FAE04EC0-301F-11D3-BF4B-00C04F79EFBC}") = "WGU-ESS.API", "src\WGU-ESS.API\WGU-ESS.API.csproj", "{2D5262C9-9E97-4E18-9943-1A3389DA7E02}"
EndProject
Project("{FAE04EC0-301F-11D3-BF4B-00C04F79EFBC}") = "WGU-ESS.Domain", "src\WGU-ESS.Domain\WGU-ESS.Domain.csproj", "{5A671481-BC10-4E71-89FA-3ED91307EC37}"
EndProject
Project("{FAE04EC0-301F-11D3-BF4B-00C04F79EFBC}") = "WGU-ESS.Infrastructure", "src\WGU-ESS.Infrastructure\WGU-ESS.Infrastructure.csproj", "{148EE35A-4D7B-4699-8B8B-DAFB49DD9F8C}"
EndProject
Project("{2150E333-8FDC-42A3-9474-1A3956D46DE8}") = "tests", "tests", "{186D489D-3F14-47B1-9872-62D61E1FCF99}"
EndProject
Project("{FAE04EC0-301F-11D3-BF4B-00C04F79EFBC}") = "WGU-ESS.Infrastructure.Tests", "tests\WGU-ESS.Infrastructure.Tests\WGU-ESS.Infrastructure.Tests.csproj", "{EEDC5D04-E7F5-4704-A829-F8DA70E58287}"
EndProject
Project("{FAE04EC0-301F-11D3-BF4B-00C04F79EFBC}") = "WGU-ESS.Fixtures", "tests\WGU-ESS.Fixtures\WGU-ESS.Fixtures.csproj", "{CE90CA6B-3A42-4992-A3BE-1D84A9E8F4E7}"
EndProject
Project("{FAE04EC0-301F-11D3-BF4B-00C04F79EFBC}") = "WGU-ESS.Domain.Tests", "tests\WGU-ESS.Domain.Tests\WGU-ESS.Domain.Tests.csproj", "{DC23DBA6-FEF3-4FB4-811C-C27E4F593145}"
EndProject
Global
	GlobalSection(SolutionConfigurationPlatforms) = preSolution
		Debug|Any CPU = Debug|Any CPU
		Debug|x64 = Debug|x64
		Debug|x86 = Debug|x86
		Release|Any CPU = Release|Any CPU
		Release|x64 = Release|x64
		Release|x86 = Release|x86
	EndGlobalSection
	GlobalSection(SolutionProperties) = preSolution
		HideSolutionNode = FALSE
	EndGlobalSection
	GlobalSection(ProjectConfigurationPlatforms) = postSolution
		{2D5262C9-9E97-4E18-9943-1A3389DA7E02}.Debug|Any CPU.ActiveCfg = Debug|Any CPU
		{2D5262C9-9E97-4E18-9943-1A3389DA7E02}.Debug|Any CPU.Build.0 = Debug|Any CPU
		{2D5262C9-9E97-4E18-9943-1A3389DA7E02}.Debug|x64.ActiveCfg = Debug|Any CPU
		{2D5262C9-9E97-4E18-9943-1A3389DA7E02}.Debug|x64.Build.0 = Debug|Any CPU
		{2D5262C9-9E97-4E18-9943-1A3389DA7E02}.Debug|x86.ActiveCfg = Debug|Any CPU
		{2D5262C9-9E97-4E18-9943-1A3389DA7E02}.Debug|x86.Build.0 = Debug|Any CPU
		{2D5262C9-9E97-4E18-9943-1A3389DA7E02}.Release|Any CPU.ActiveCfg = Release|Any CPU
		{2D5262C9-9E97-4E18-9943-1A3389DA7E02}.Release|Any CPU.Build.0 = Release|Any CPU
		{2D5262C9-9E97-4E18-9943-1A3389DA7E02}.Release|x64.ActiveCfg = Release|Any CPU
		{2D5262C9-9E97-4E18-9943-1A3389DA7E02}.Release|x64.Build.0 = Release|Any CPU
		{2D5262C9-9E97-4E18-9943-1A3389DA7E02}.Release|x86.ActiveCfg = Release|Any CPU
		{2D5262C9-9E97-4E18-9943-1A3389DA7E02}.Release|x86.Build.0 = Release|Any CPU
		{5A671481-BC10-4E71-89FA-3ED91307EC37}.Debug|Any CPU.ActiveCfg = Debug|Any CPU
		{5A671481-BC10-4E71-89FA-3ED91307EC37}.Debug|Any CPU.Build.0 = Debug|Any CPU
		{5A671481-BC10-4E71-89FA-3ED91307EC37}.Debug|x64.ActiveCfg = Debug|Any CPU
		{5A671481-BC10-4E71-89FA-3ED91307EC37}.Debug|x64.Build.0 = Debug|Any CPU
		{5A671481-BC10-4E71-89FA-3ED91307EC37}.Debug|x86.ActiveCfg = Debug|Any CPU
		{5A671481-BC10-4E71-89FA-3ED91307EC37}.Debug|x86.Build.0 = Debug|Any CPU
		{5A671481-BC10-4E71-89FA-3ED91307EC37}.Release|Any CPU.ActiveCfg = Release|Any CPU
		{5A671481-BC10-4E71-89FA-3ED91307EC37}.Release|Any CPU.Build.0 = Release|Any CPU
		{5A671481-BC10-4E71-89FA-3ED91307EC37}.Release|x64.ActiveCfg = Release|Any CPU
		{5A671481-BC10-4E71-89FA-3ED91307EC37}.Release|x64.Build.0 = Release|Any CPU
		{5A671481-BC10-4E71-89FA-3ED91307EC37}.Release|x86.ActiveCfg = Release|Any CPU
		{5A671481-BC10-4E71-89FA-3ED91307EC37}.Release|x86.Build.0 = Release|Any CPU
		{148EE35A-4D7B-4699-8B8B-DAFB49DD9F8C}.Debug|Any CPU.ActiveCfg = Debug|Any CPU
		{148EE35A-4D7B-4699-8B8B-DAFB49DD9F8C}.Debug|Any CPU.Build.0 = Debug|Any CPU
		{148EE35A-4D7B-4699-8B8B-DAFB49DD9F8C}.Debug|x64.ActiveCfg = Debug|Any CPU
		{148EE35A-4D7B-4699-8B8B-DAFB49DD9F8C}.Debug|x64.Build.0 = Debug|Any CPU
		{148EE35A-4D7B-4699-8B8B-DAFB49DD9F8C}.Debug|x86.ActiveCfg = Debug|Any CPU
		{148EE35A-4D7B-4699-8B8B-DAFB49DD9F8C}.Debug|x86.Build.0 = Debug|Any CPU
		{148EE35A-4D7B-4699-8B8B-DAFB49DD9F8C}.Release|Any CPU.ActiveCfg = Release|Any CPU
		{148EE35A-4D7B-4699-8B8B-DAFB49DD9F8C}.Release|Any CPU.Build.0 = Release|Any CPU
		{148EE35A-4D7B-4699-8B8B-DAFB49DD9F8C}.Release|x64.ActiveCfg = Release|Any CPU
		{148EE35A-4D7B-4699-8B8B-DAFB49DD9F8C}.Release|x64.Build.0 = Release|Any CPU
		{148EE35A-4D7B-4699-8B8B-DAFB49DD9F8C}.Release|x86.ActiveCfg = Release|Any CPU
		{148EE35A-4D7B-4699-8B8B-DAFB49DD9F8C}.Release|x86.Build.0 = Release|Any CPU
		{EEDC5D04-E7F5-4704-A829-F8DA70E58287}.Debug|Any CPU.ActiveCfg = Debug|Any CPU
		{EEDC5D04-E7F5-4704-A829-F8DA70E58287}.Debug|Any CPU.Build.0 = Debug|Any CPU
		{EEDC5D04-E7F5-4704-A829-F8DA70E58287}.Debug|x64.ActiveCfg = Debug|Any CPU
		{EEDC5D04-E7F5-4704-A829-F8DA70E58287}.Debug|x64.Build.0 = Debug|Any CPU
		{EEDC5D04-E7F5-4704-A829-F8DA70E58287}.Debug|x86.ActiveCfg = Debug|Any CPU
		{EEDC5D04-E7F5-4704-A829-F8DA70E58287}.Debug|x86.Build.0 = Debug|Any CPU
		{EEDC5D04-E7F5-4704-A829-F8DA70E58287}.Release|Any CPU.ActiveCfg = Release|Any CPU
		{EEDC5D04-E7F5-4704-A829-F8DA70E58287}.Release|Any CPU.Build.0 = Release|Any CPU
		{EEDC5D04-E7F5-4704-A829-F8DA70E58287}.Release|x64.ActiveCfg = Release|Any CPU
		{EEDC5D04-E7F5-4704-A829-F8DA70E58287}.Release|x64.Build.0 = Release|Any CPU
		{EEDC5D04-E7F5-4704-A829-F8DA70E58287}.Release|x86.ActiveCfg = Release|Any CPU
		{EEDC5D04-E7F5-4704-A829-F8DA70E58287}.Release|x86.Build.0 = Release|Any CPU
		{CE90CA6B-3A42-4992-A3BE-1D84A9E8F4E7}.Debug|Any CPU.ActiveCfg = Debug|Any CPU
		{CE90CA6B-3A42-4992-A3BE-1D84A9E8F4E7}.Debug|Any CPU.Build.0 = Debug|Any CPU
		{CE90CA6B-3A42-4992-A3BE-1D84A9E8F4E7}.Debug|x64.ActiveCfg = Debug|Any CPU
		{CE90CA6B-3A42-4992-A3BE-1D84A9E8F4E7}.Debug|x64.Build.0 = Debug|Any CPU
		{CE90CA6B-3A42-4992-A3BE-1D84A9E8F4E7}.Debug|x86.ActiveCfg = Debug|Any CPU
		{CE90CA6B-3A42-4992-A3BE-1D84A9E8F4E7}.Debug|x86.Build.0 = Debug|Any CPU
		{CE90CA6B-3A42-4992-A3BE-1D84A9E8F4E7}.Release|Any CPU.ActiveCfg = Release|Any CPU
		{CE90CA6B-3A42-4992-A3BE-1D84A9E8F4E7}.Release|Any CPU.Build.0 = Release|Any CPU
		{CE90CA6B-3A42-4992-A3BE-1D84A9E8F4E7}.Release|x64.ActiveCfg = Release|Any CPU
		{CE90CA6B-3A42-4992-A3BE-1D84A9E8F4E7}.Release|x64.Build.0 = Release|Any CPU
		{CE90CA6B-3A42-4992-A3BE-1D84A9E8F4E7}.Release|x86.ActiveCfg = Release|Any CPU
		{CE90CA6B-3A42-4992-A3BE-1D84A9E8F4E7}.Release|x86.Build.0 = Release|Any CPU
		{DC23DBA6-FEF3-4FB4-811C-C27E4F593145}.Debug|Any CPU.ActiveCfg = Debug|Any CPU
		{DC23DBA6-FEF3-4FB4-811C-C27E4F593145}.Debug|Any CPU.Build.0 = Debug|Any CPU
		{DC23DBA6-FEF3-4FB4-811C-C27E4F593145}.Debug|x64.ActiveCfg = Debug|Any CPU
		{DC23DBA6-FEF3-4FB4-811C-C27E4F593145}.Debug|x64.Build.0 = Debug|Any CPU
		{DC23DBA6-FEF3-4FB4-811C-C27E4F593145}.Debug|x86.ActiveCfg = Debug|Any CPU
		{DC23DBA6-FEF3-4FB4-811C-C27E4F593145}.Debug|x86.Build.0 = Debug|Any CPU
		{DC23DBA6-FEF3-4FB4-811C-C27E4F593145}.Release|Any CPU.ActiveCfg = Release|Any CPU
		{DC23DBA6-FEF3-4FB4-811C-C27E4F593145}.Release|Any CPU.Build.0 = Release|Any CPU
		{DC23DBA6-FEF3-4FB4-811C-C27E4F593145}.Release|x64.ActiveCfg = Release|Any CPU
		{DC23DBA6-FEF3-4FB4-811C-C27E4F593145}.Release|x64.Build.0 = Release|Any CPU
		{DC23DBA6-FEF3-4FB4-811C-C27E4F593145}.Release|x86.ActiveCfg = Release|Any CPU
		{DC23DBA6-FEF3-4FB4-811C-C27E4F593145}.Release|x86.Build.0 = Release|Any CPU
	EndGlobalSection
	GlobalSection(NestedProjects) = preSolution
		{2D5262C9-9E97-4E18-9943-1A3389DA7E02} = {21441EF0-F2C2-4BD0-A138-4032BE706CB9}
		{5A671481-BC10-4E71-89FA-3ED91307EC37} = {21441EF0-F2C2-4BD0-A138-4032BE706CB9}
		{148EE35A-4D7B-4699-8B8B-DAFB49DD9F8C} = {21441EF0-F2C2-4BD0-A138-4032BE706CB9}
		{EEDC5D04-E7F5-4704-A829-F8DA70E58287} = {186D489D-3F14-47B1-9872-62D61E1FCF99}
		{CE90CA6B-3A42-4992-A3BE-1D84A9E8F4E7} = {186D489D-3F14-47B1-9872-62D61E1FCF99}
		{DC23DBA6-FEF3-4FB4-811C-C27E4F593145} = {186D489D-3F14-47B1-9872-62D61E1FCF99}
	EndGlobalSection
EndGlobal
